
Microsoft Visual Studio Solution File, Format Version 12.00
# Visual Studio Version 17
VisualStudioVersion = 17.5.33530.505
MinimumVisualStudioVersion = 10.0.40219.1
Project("{2150E333-8FDC-42A3-9474-1A3956D46DE8}") = "src", "src", "{C01A0016-280E-4BB1-9505-669AD0A50CD8}"
EndProject
Project("{2150E333-8FDC-42A3-9474-1A3956D46DE8}") = "tests", "tests", "{5FD0ABCA-3987-47A1-A33E-2A63CF01010D}"
EndProject
Project("{9A19103F-16F7-4668-BE54-9A1E7A4F7556}") = "CadWiseATM", "src\CadWiseATM.csproj", "{4899ED49-605D-422C-96E4-D427A13436EC}"
EndProject
Project("{FAE04EC0-301F-11D3-BF4B-00C04F79EFBC}") = "CadWiseTest", "CadWiseTest\CadWiseTest.csproj", "{E1C7D9B5-8732-4F4B-B9A6-D21E5C6B486F}"
EndProject
Global
	GlobalSection(SolutionConfigurationPlatforms) = preSolution
		Debug|Any CPU = Debug|Any CPU
		Release|Any CPU = Release|Any CPU
	EndGlobalSection
	GlobalSection(ProjectConfigurationPlatforms) = postSolution
		{4899ED49-605D-422C-96E4-D427A13436EC}.Debug|Any CPU.ActiveCfg = Debug|Any CPU
		{4899ED49-605D-422C-96E4-D427A13436EC}.Debug|Any CPU.Build.0 = Debug|Any CPU
		{4899ED49-605D-422C-96E4-D427A13436EC}.Release|Any CPU.ActiveCfg = Release|Any CPU
		{4899ED49-605D-422C-96E4-D427A13436EC}.Release|Any CPU.Build.0 = Release|Any CPU
		{E1C7D9B5-8732-4F4B-B9A6-D21E5C6B486F}.Debug|Any CPU.ActiveCfg = Debug|Any CPU
		{E1C7D9B5-8732-4F4B-B9A6-D21E5C6B486F}.Debug|Any CPU.Build.0 = Debug|Any CPU
		{E1C7D9B5-8732-4F4B-B9A6-D21E5C6B486F}.Release|Any CPU.ActiveCfg = Release|Any CPU
		{E1C7D9B5-8732-4F4B-B9A6-D21E5C6B486F}.Release|Any CPU.Build.0 = Release|Any CPU
	EndGlobalSection
	GlobalSection(SolutionProperties) = preSolution
		HideSolutionNode = FALSE
	EndGlobalSection
	GlobalSection(NestedProjects) = preSolution
		{4899ED49-605D-422C-96E4-D427A13436EC} = {C01A0016-280E-4BB1-9505-669AD0A50CD8}
		{E1C7D9B5-8732-4F4B-B9A6-D21E5C6B486F} = {5FD0ABCA-3987-47A1-A33E-2A63CF01010D}
	EndGlobalSection
	GlobalSection(ExtensibilityGlobals) = postSolution
		SolutionGuid = {9384FB3C-F7EC-4C13-B183-00C8BC6628F9}
	EndGlobalSection
EndGlobal
